dependencies:
- name: alluxio-monitor
  repository: file://../alluxio-monitor
  version: 1.1.0-SNAPSHOT
- name: etcd
  repository: https://charts.bitnami.com/bitnami
  version: 9.0.5
digest: sha256:d322bdb1c42c1feeaea89252effdda8c8dd4ef00f99f8c5e0ad3a1d02d1f42ba
generated: "2023-09-08T14:27:25.89529-07:00"
